
Microsoft Visual Studio Solution File, Format Version 12.00
# Visual Studio Version 17
VisualStudioVersion = 17.0.31903.59
MinimumVisualStudioVersion = 10.0.40219.1
Project("{2150E333-8FDC-42A3-9474-1A3956D46DE8}") = "src", "src", "{E2FE1CE0-4458-4F64-A9B7-96181EEBFDE8}"
EndProject
Project("{2150E333-8FDC-42A3-9474-1A3956D46DE8}") = "BuildingBlocks", "BuildingBlocks", "{657713C9-B6FE-4B6A-ADD3-0B9B8AA097B7}"
EndProject
Project("{FAE04EC0-301F-11D3-BF4B-00C04F79EFBC}") = "DeliveryOps.BuildingBlocks", "src\BuildingBlocks\DeliveryOps.BuildingBlocks\DeliveryOps.BuildingBlocks.csproj", "{CD368BB0-2169-41D5-A987-034B024A484B}"
EndProject
Project("{2150E333-8FDC-42A3-9474-1A3956D46DE8}") = "Services", "Services", "{B34C6BD4-9581-4FC7-B64D-BB88C96B5200}"
EndProject
Project("{2150E333-8FDC-42A3-9474-1A3956D46DE8}") = "Core", "Core", "{848BA900-4C55-4A0F-8D8E-350B84F815ED}"
EndProject
Project("{FAE04EC0-301F-11D3-BF4B-00C04F79EFBC}") = "DeliveryOps.Core.Infrastructure", "src\Services\Core\DeliveryOps.Core.Infrastructure\DeliveryOps.Core.Infrastructure.csproj", "{4059AEF9-017B-480E-8FF4-FF1CBE32C9DC}"
EndProject
Project("{FAE04EC0-301F-11D3-BF4B-00C04F79EFBC}") = "DeliveryOps.Core.Handlers", "src\Services\Core\DeliveryOps.Core.Handlers\DeliveryOps.Core.Handlers.csproj", "{3DB38C00-2081-4B81-84B0-AAE04774A223}"
EndProject
Project("{FAE04EC0-301F-11D3-BF4B-00C04F79EFBC}") = "DeliveryOps.Core.Domain", "src\Services\Core\DeliveryOps.Core.Domain\DeliveryOps.Core.Domain.csproj", "{EC6DCD9D-18AF-457A-B1A7-F62FC469BAFE}"
EndProject
Project("{FAE04EC0-301F-11D3-BF4B-00C04F79EFBC}") = "DeliveryOps.Core.Queries", "src\Services\Core\DeliveryOps.Core.Queries\DeliveryOps.Core.Queries.csproj", "{24E19595-DB48-4BCB-B9CC-09718D1E48CF}"
EndProject
Project("{FAE04EC0-301F-11D3-BF4B-00C04F79EFBC}") = "DeliveryOps.Core.Api", "src\Services\Core\DeliveryOps.Core.Api\DeliveryOps.Core.Api.csproj", "{7032F905-3C77-4D25-B2C3-2512E2E3F3C7}"
EndProject
Project("{2150E333-8FDC-42A3-9474-1A3956D46DE8}") = "Auth", "Auth", "{392C90AF-3FD3-419D-BDD8-DB0E1D36BDBB}"
EndProject
Project("{FAE04EC0-301F-11D3-BF4B-00C04F79EFBC}") = "DeliveryOps.Auth.Api", "src\Services\Auth\DeliveryOps.Auth.Api\DeliveryOps.Auth.Api.csproj", "{5F62D1B9-5F14-4982-9AA5-FA169E5D59F4}"
EndProject
Project("{2150E333-8FDC-42A3-9474-1A3956D46DE8}") = "Integrations", "Integrations", "{8ADB4122-E11D-435F-8C35-4B7474A31EAA}"
EndProject
Project("{FAE04EC0-301F-11D3-BF4B-00C04F79EFBC}") = "DeliveryOps.Integrations.Api", "src\Services\Integrations\DeliveryOps.Integrations.Api\DeliveryOps.Integrations.Api.csproj", "{277B25DD-E6B5-4C38-818D-C1AC93F15F00}"
EndProject
Project("{2150E333-8FDC-42A3-9474-1A3956D46DE8}") = "Notifications", "Notifications", "{B7B08974-4CD7-41BA-839A-156DD8A3B184}"
EndProject
Project("{FAE04EC0-301F-11D3-BF4B-00C04F79EFBC}") = "DeliveryOps.Notifications.Api", "src\Services\Notifications\DeliveryOps.Notifications.Api\DeliveryOps.Notifications.Api.csproj", "{6AA51BA3-8308-4ECF-A665-7FD09490927A}"
EndProject
Project("{2150E333-8FDC-42A3-9474-1A3956D46DE8}") = "tests", "tests", "{2817A3DB-8556-424B-BBD1-14301A75390F}"
EndProject
Project("{FAE04EC0-301F-11D3-BF4B-00C04F79EFBC}") = "DeliveryOps.Core.UnitTests", "tests\DeliveryOps.Core.UnitTests\DeliveryOps.Core.UnitTests.csproj", "{411686A2-EEA9-48F1-9F8E-D4B0581338BE}"
EndProject
Project("{FAE04EC0-301F-11D3-BF4B-00C04F79EFBC}") = "DeliveryOps.Core.IntegrationTests", "tests\DeliveryOps.Core.IntegrationTests\DeliveryOps.Core.IntegrationTests.csproj", "{9D221FF2-16BA-4BDE-B7F8-282176F720E4}"
EndProject
Project("{FAE04EC0-301F-11D3-BF4B-00C04F79EFBC}") = "DeliveryOps.Integrations.UnitTests", "tests\DeliveryOps.Integrations.UnitTests\DeliveryOps.Integrations.UnitTests.csproj", "{C7C5F0F5-74A6-4B2D-9B6C-F4AA8C8F4D91}"
EndProject
Global
	GlobalSection(SolutionConfigurationPlatforms) = preSolution
		Debug|Any CPU = Debug|Any CPU
		Release|Any CPU = Release|Any CPU
	EndGlobalSection
	GlobalSection(SolutionProperties) = preSolution
		HideSolutionNode = FALSE
	EndGlobalSection
	GlobalSection(ProjectConfigurationPlatforms) = postSolution
		{CD368BB0-2169-41D5-A987-034B024A484B}.Debug|Any CPU.ActiveCfg = Debug|Any CPU
		{CD368BB0-2169-41D5-A987-034B024A484B}.Debug|Any CPU.Build.0 = Debug|Any CPU
		{CD368BB0-2169-41D5-A987-034B024A484B}.Release|Any CPU.ActiveCfg = Release|Any CPU
		{CD368BB0-2169-41D5-A987-034B024A484B}.Release|Any CPU.Build.0 = Release|Any CPU
		{4059AEF9-017B-480E-8FF4-FF1CBE32C9DC}.Debug|Any CPU.ActiveCfg = Debug|Any CPU
		{4059AEF9-017B-480E-8FF4-FF1CBE32C9DC}.Debug|Any CPU.Build.0 = Debug|Any CPU
		{4059AEF9-017B-480E-8FF4-FF1CBE32C9DC}.Release|Any CPU.ActiveCfg = Release|Any CPU
		{4059AEF9-017B-480E-8FF4-FF1CBE32C9DC}.Release|Any CPU.Build.0 = Release|Any CPU
		{3DB38C00-2081-4B81-84B0-AAE04774A223}.Debug|Any CPU.ActiveCfg = Debug|Any CPU
		{3DB38C00-2081-4B81-84B0-AAE04774A223}.Debug|Any CPU.Build.0 = Debug|Any CPU
		{3DB38C00-2081-4B81-84B0-AAE04774A223}.Release|Any CPU.ActiveCfg = Release|Any CPU
		{3DB38C00-2081-4B81-84B0-AAE04774A223}.Release|Any CPU.Build.0 = Release|Any CPU
		{EC6DCD9D-18AF-457A-B1A7-F62FC469BAFE}.Debug|Any CPU.ActiveCfg = Debug|Any CPU
		{EC6DCD9D-18AF-457A-B1A7-F62FC469BAFE}.Debug|Any CPU.Build.0 = Debug|Any CPU
		{EC6DCD9D-18AF-457A-B1A7-F62FC469BAFE}.Release|Any CPU.ActiveCfg = Release|Any CPU
		{EC6DCD9D-18AF-457A-B1A7-F62FC469BAFE}.Release|Any CPU.Build.0 = Release|Any CPU
		{24E19595-DB48-4BCB-B9CC-09718D1E48CF}.Debug|Any CPU.ActiveCfg = Debug|Any CPU
		{24E19595-DB48-4BCB-B9CC-09718D1E48CF}.Debug|Any CPU.Build.0 = Debug|Any CPU
		{24E19595-DB48-4BCB-B9CC-09718D1E48CF}.Release|Any CPU.ActiveCfg = Release|Any CPU
		{24E19595-DB48-4BCB-B9CC-09718D1E48CF}.Release|Any CPU.Build.0 = Release|Any CPU
		{7032F905-3C77-4D25-B2C3-2512E2E3F3C7}.Debug|Any CPU.ActiveCfg = Debug|Any CPU
		{7032F905-3C77-4D25-B2C3-2512E2E3F3C7}.Debug|Any CPU.Build.0 = Debug|Any CPU
		{7032F905-3C77-4D25-B2C3-2512E2E3F3C7}.Release|Any CPU.ActiveCfg = Release|Any CPU
		{7032F905-3C77-4D25-B2C3-2512E2E3F3C7}.Release|Any CPU.Build.0 = Release|Any CPU
		{5F62D1B9-5F14-4982-9AA5-FA169E5D59F4}.Debug|Any CPU.ActiveCfg = Debug|Any CPU
		{5F62D1B9-5F14-4982-9AA5-FA169E5D59F4}.Debug|Any CPU.Build.0 = Debug|Any CPU
		{5F62D1B9-5F14-4982-9AA5-FA169E5D59F4}.Release|Any CPU.ActiveCfg = Release|Any CPU
		{5F62D1B9-5F14-4982-9AA5-FA169E5D59F4}.Release|Any CPU.Build.0 = Release|Any CPU
		{277B25DD-E6B5-4C38-818D-C1AC93F15F00}.Debug|Any CPU.ActiveCfg = Debug|Any CPU
		{277B25DD-E6B5-4C38-818D-C1AC93F15F00}.Debug|Any CPU.Build.0 = Debug|Any CPU
		{277B25DD-E6B5-4C38-818D-C1AC93F15F00}.Release|Any CPU.ActiveCfg = Release|Any CPU
		{277B25DD-E6B5-4C38-818D-C1AC93F15F00}.Release|Any CPU.Build.0 = Release|Any CPU
		{6AA51BA3-8308-4ECF-A665-7FD09490927A}.Debug|Any CPU.ActiveCfg = Debug|Any CPU
		{6AA51BA3-8308-4ECF-A665-7FD09490927A}.Debug|Any CPU.Build.0 = Debug|Any CPU
		{6AA51BA3-8308-4ECF-A665-7FD09490927A}.Release|Any CPU.ActiveCfg = Release|Any CPU
		{6AA51BA3-8308-4ECF-A665-7FD09490927A}.Release|Any CPU.Build.0 = Release|Any CPU
		{411686A2-EEA9-48F1-9F8E-D4B0581338BE}.Debug|Any CPU.ActiveCfg = Debug|Any CPU
		{411686A2-EEA9-48F1-9F8E-D4B0581338BE}.Debug|Any CPU.Build.0 = Debug|Any CPU
		{411686A2-EEA9-48F1-9F8E-D4B0581338BE}.Release|Any CPU.ActiveCfg = Release|Any CPU
		{411686A2-EEA9-48F1-9F8E-D4B0581338BE}.Release|Any CPU.Build.0 = Release|Any CPU
		{9D221FF2-16BA-4BDE-B7F8-282176F720E4}.Debug|Any CPU.ActiveCfg = Debug|Any CPU
		{9D221FF2-16BA-4BDE-B7F8-282176F720E4}.Debug|Any CPU.Build.0 = Debug|Any CPU
		{9D221FF2-16BA-4BDE-B7F8-282176F720E4}.Release|Any CPU.ActiveCfg = Release|Any CPU
		{9D221FF2-16BA-4BDE-B7F8-282176F720E4}.Release|Any CPU.Build.0 = Release|Any CPU
		{C7C5F0F5-74A6-4B2D-9B6C-F4AA8C8F4D91}.Debug|Any CPU.ActiveCfg = Debug|Any CPU
		{C7C5F0F5-74A6-4B2D-9B6C-F4AA8C8F4D91}.Debug|Any CPU.Build.0 = Debug|Any CPU
		{C7C5F0F5-74A6-4B2D-9B6C-F4AA8C8F4D91}.Release|Any CPU.ActiveCfg = Release|Any CPU
		{C7C5F0F5-74A6-4B2D-9B6C-F4AA8C8F4D91}.Release|Any CPU.Build.0 = Release|Any CPU
	EndGlobalSection
	GlobalSection(NestedProjects) = preSolution
		{657713C9-B6FE-4B6A-ADD3-0B9B8AA097B7} = {E2FE1CE0-4458-4F64-A9B7-96181EEBFDE8}
		{CD368BB0-2169-41D5-A987-034B024A484B} = {657713C9-B6FE-4B6A-ADD3-0B9B8AA097B7}
		{B34C6BD4-9581-4FC7-B64D-BB88C96B5200} = {E2FE1CE0-4458-4F64-A9B7-96181EEBFDE8}
		{848BA900-4C55-4A0F-8D8E-350B84F815ED} = {B34C6BD4-9581-4FC7-B64D-BB88C96B5200}
		{4059AEF9-017B-480E-8FF4-FF1CBE32C9DC} = {848BA900-4C55-4A0F-8D8E-350B84F815ED}
		{3DB38C00-2081-4B81-84B0-AAE04774A223} = {848BA900-4C55-4A0F-8D8E-350B84F815ED}
		{EC6DCD9D-18AF-457A-B1A7-F62FC469BAFE} = {848BA900-4C55-4A0F-8D8E-350B84F815ED}
		{24E19595-DB48-4BCB-B9CC-09718D1E48CF} = {848BA900-4C55-4A0F-8D8E-350B84F815ED}
		{7032F905-3C77-4D25-B2C3-2512E2E3F3C7} = {848BA900-4C55-4A0F-8D8E-350B84F815ED}
		{392C90AF-3FD3-419D-BDD8-DB0E1D36BDBB} = {B34C6BD4-9581-4FC7-B64D-BB88C96B5200}
		{5F62D1B9-5F14-4982-9AA5-FA169E5D59F4} = {392C90AF-3FD3-419D-BDD8-DB0E1D36BDBB}
		{8ADB4122-E11D-435F-8C35-4B7474A31EAA} = {B34C6BD4-9581-4FC7-B64D-BB88C96B5200}
		{277B25DD-E6B5-4C38-818D-C1AC93F15F00} = {8ADB4122-E11D-435F-8C35-4B7474A31EAA}
		{B7B08974-4CD7-41BA-839A-156DD8A3B184} = {B34C6BD4-9581-4FC7-B64D-BB88C96B5200}
		{6AA51BA3-8308-4ECF-A665-7FD09490927A} = {B7B08974-4CD7-41BA-839A-156DD8A3B184}
		{411686A2-EEA9-48F1-9F8E-D4B0581338BE} = {2817A3DB-8556-424B-BBD1-14301A75390F}
		{9D221FF2-16BA-4BDE-B7F8-282176F720E4} = {2817A3DB-8556-424B-BBD1-14301A75390F}
		{C7C5F0F5-74A6-4B2D-9B6C-F4AA8C8F4D91} = {2817A3DB-8556-424B-BBD1-14301A75390F}
	EndGlobalSection
EndGlobal
